// !$*UTF8*$!
{
	archiveVersion = 1;
	classes = {
	};
	objectVersion = 46;
	objects = {

/* Begin PBXBuildFile section */
		EBC55AA71B471EE700FEBB5A /* main.m in Sources */ = {isa = PBXBuildFile; fileRef = EBC55AA61B471EE700FEBB5A /* main.m */; };
		EBC55AAA1B471EE700FEBB5A /* AppDelegate.m in Sources */ = {isa = PBXBuildFile; fileRef = EBC55AA91B471EE700FEBB5A /* AppDelegate.m */; };
		EBC55AAD1B471EE700FEBB5A /* ViewController.m in Sources */ = {isa = PBXBuildFile; fileRef = EBC55AAC1B471EE700FEBB5A /* ViewController.m */; };
		EBC55AB01B471EE700FEBB5A /* Main.storyboard in Resources */ = {isa = PBXBuildFile; fileRef = EBC55AAE1B471EE700FEBB5A /* Main.storyboard */; };
		EBC55AB21B471EE700FEBB5A /* Images.xcassets in Resources */ = {isa = PBXBuildFile; fileRef = EBC55AB11B471EE700FEBB5A /* Images.xcassets */; };
		EBC55AB51B471EE700FEBB5A /* LaunchScreen.xib in Resources */ = {isa = PBXBuildFile; fileRef = EBC55AB31B471EE700FEBB5A /* LaunchScreen.xib */; };
		EBC55AC11B471EE700FEBB5A /* LufthansaTests.m in Sources */ = {isa = PBXBuildFile; fileRef = EBC55AC01B471EE700FEBB5A /* LufthansaTests.m */; };
		EBC55AD01B471F9100FEBB5A /* bg@2x.png in Resources */ = {isa = PBXBuildFile; fileRef = EBC55ACB1B471F9100FEBB5A /* bg@2x.png */; };
		EBC55AD11B471F9100FEBB5A /* Hamburger@2x.png in Resources */ = {isa = PBXBuildFile; fileRef = EBC55ACC1B471F9100FEBB5A /* Hamburger@2x.png */; };
		EBC55AD21B471F9100FEBB5A /* Logo@2x.png in Resources */ = {isa = PBXBuildFile; fileRef = EBC55ACD1B471F9100FEBB5A /* Logo@2x.png */; };
		EBC55AD31B471F9100FEBB5A /* New@2x.png in Resources */ = {isa = PBXBuildFile; fileRef = EBC55ACE1B471F9100FEBB5A /* New@2x.png */; };
		EBC55AD41B471F9100FEBB5A /* Selector@2x.png in Resources */ = {isa = PBXBuildFile; fileRef = EBC55ACF1B471F9100FEBB5A /* Selector@2x.png */; };
		EBC55AD91B4731AD00FEBB5A /* DetailControllerViewController.m in Sources */ = {isa = PBXBuildFile; fileRef = EBC55AD81B4731AD00FEBB5A /* DetailControllerViewController.m */; };
		EBC55ADC1B47346600FEBB5A /* ColorGenerator.m in Sources */ = {isa = PBXBuildFile; fileRef = EBC55ADB1B47346600FEBB5A /* ColorGenerator.m */; };
		EBC55AE21B47C22000FEBB5A /* Info@2x.png in Resources */ = {isa = PBXBuildFile; fileRef = EBC55ADF1B47C22000FEBB5A /* Info@2x.png */; };
		EBC55AE31B47C22000FEBB5A /* Time@2x.png in Resources */ = {isa = PBXBuildFile; fileRef = EBC55AE01B47C22000FEBB5A /* Time@2x.png */; };
		EBC55AE41B47C22000FEBB5A /* TripType@2x.png in Resources */ = {isa = PBXBuildFile; fileRef = EBC55AE11B47C22000FEBB5A /* TripType@2x.png */; };
		EBC55AE61B47C30100FEBB5A /* Arrow@2x.png in Resources */ = {isa = PBXBuildFile; fileRef = EBC55AE51B47C30100FEBB5A /* Arrow@2x.png */; };
/* End PBXBuildFile section */

/* Begin PBXContainerItemProxy section */
		EBC55ABB1B471EE700FEBB5A /* PBXContainerItemProxy */ = {
			isa = PBXContainerItemProxy;
			containerPortal = EBC55A991B471EE700FEBB5A /* Project object */;
			proxyType = 1;
			remoteGlobalIDString = EBC55AA01B471EE700FEBB5A;
			remoteInfo = Lufthansa;
		};
/* End PBXContainerItemProxy section */

/* Begin PBXFileReference section */
		EBC55AA11B471EE700FEBB5A /* Lufthansa.app */ = {isa = PBXFileReference; explicitFileType = wrapper.application; includeInIndex = 0; path = Lufthansa.app; sourceTree = BUILT_PRODUCTS_DIR; };
		EBC55AA51B471EE700FEBB5A /* Info.plist */ = {isa = PBXFileReference; lastKnownFileType = text.plist.xml; path = Info.plist; sourceTree = "<group>"; };
		EBC55AA61B471EE700FEBB5A /* main.m */ = {isa = PBXFileReference; lastKnownFileType = sourcecode.c.objc; path = main.m; sourceTree = "<group>"; };
		EBC55AA81B471EE700FEBB5A /* AppDelegate.h */ = {isa = PBXFileReference; lastKnownFileType = sourcecode.c.h; path = AppDelegate.h; sourceTree = "<group>"; };
		EBC55AA91B471EE700FEBB5A /* AppDelegate.m */ = {isa = PBXFileReference; lastKnownFileType = sourcecode.c.objc; path = AppDelegate.m; sourceTree = "<group>"; };
		EBC55AAB1B471EE700FEBB5A /* ViewController.h */ = {isa = PBXFileReference; lastKnownFileType = sourcecode.c.h; path = ViewController.h; sourceTree = "<group>"; };
		EBC55AAC1B471EE700FEBB5A /* ViewController.m */ = {isa = PBXFileReference; lastKnownFileType = sourcecode.c.objc; path = ViewController.m; sourceTree = "<group>"; };
		EBC55AAF1B471EE700FEBB5A /* Base */ = {isa = PBXFileReference; lastKnownFileType = file.storyboard; name = Base; path = Base.lproj/Main.storyboard; sourceTree = "<group>"; };
		EBC55AB11B471EE700FEBB5A /* Images.xcassets */ = {isa = PBXFileReference; lastKnownFileType = folder.assetcatalog; path = Images.xcassets; sourceTree = "<group>"; };
		EBC55AB41B471EE700FEBB5A /* Base */ = {isa = PBXFileReference; lastKnownFileType = file.xib; name = Base; path = Base.lproj/LaunchScreen.xib; sourceTree = "<group>"; };
		EBC55ABA1B471EE700FEBB5A /* LufthansaTests.xctest */ = {isa = PBXFileReference; explicitFileType = wrapper.cfbundle; includeInIndex = 0; path = LufthansaTests.xctest; sourceTree = BUILT_PRODUCTS_DIR; };
		EBC55ABF1B471EE700FEBB5A /* Info.plist */ = {isa = PBXFileReference; lastKnownFileType = text.plist.xml; path = Info.plist; sourceTree = "<group>"; };
		EBC55AC01B471EE700FEBB5A /* LufthansaTests.m */ = {isa = PBXFileReference; lastKnownFileType = sourcecode.c.objc; path = LufthansaTests.m; sourceTree = "<group>"; };
		EBC55ACB1B471F9100FEBB5A /* bg@2x.png */ = {isa = PBXFileReference; lastKnownFileType = image.png; path = "bg@2x.png"; sourceTree = "<group>"; };
		EBC55ACC1B471F9100FEBB5A /* Hamburger@2x.png */ = {isa = PBXFileReference; lastKnownFileType = image.png; path = "Hamburger@2x.png"; sourceTree = "<group>"; };
		EBC55ACD1B471F9100FEBB5A /* Logo@2x.png */ = {isa = PBXFileReference; lastKnownFileType = image.png; path = "Logo@2x.png"; sourceTree = "<group>"; };
		EBC55ACE1B471F9100FEBB5A /* New@2x.png */ = {isa = PBXFileReference; lastKnownFileType = image.png; path = "New@2x.png"; sourceTree = "<group>"; };
		EBC55ACF1B471F9100FEBB5A /* Selector@2x.png */ = {isa = PBXFileReference; lastKnownFileType = image.png; path = "Selector@2x.png"; sourceTree = "<group>"; };
		EBC55AD71B4731AD00FEBB5A /* DetailControllerViewController.h */ = {isa = PBXFileReference; fileEncoding = 4; lastKnownFileType = sourcecode.c.h; path = DetailControllerViewController.h; sourceTree = "<group>"; };
		EBC55AD81B4731AD00FEBB5A /* DetailControllerViewController.m */ = {isa = PBXFileReference; fileEncoding = 4; lastKnownFileType = sourcecode.c.objc; path = DetailControllerViewController.m; sourceTree = "<group>"; };
		EBC55ADA1B47346600FEBB5A /* ColorGenerator.h */ = {isa = PBXFileReference; fileEncoding = 4; lastKnownFileType = sourcecode.c.h; path = ColorGenerator.h; sourceTree = "<group>"; };
		EBC55ADB1B47346600FEBB5A /* ColorGenerator.m */ = {isa = PBXFileReference; fileEncoding = 4; lastKnownFileType = sourcecode.c.objc; path = ColorGenerator.m; sourceTree = "<group>"; };
		EBC55ADF1B47C22000FEBB5A /* Info@2x.png */ = {isa = PBXFileReference; lastKnownFileType = image.png; path = "Info@2x.png"; sourceTree = "<group>"; };
		EBC55AE01B47C22000FEBB5A /* Time@2x.png */ = {isa = PBXFileReference; lastKnownFileType = image.png; path = "Time@2x.png"; sourceTree = "<group>"; };
		EBC55AE11B47C22000FEBB5A /* TripType@2x.png */ = {isa = PBXFileReference; lastKnownFileType = image.png; path = "TripType@2x.png"; sourceTree = "<group>"; };
		EBC55AE51B47C30100FEBB5A /* Arrow@2x.png */ = {isa = PBXFileReference; lastKnownFileType = image.png; path = "Arrow@2x.png"; sourceTree = "<group>"; };
/* End PBXFileReference section */

/* Begin PBXFrameworksBuildPhase section */
		EBC55A9E1B471EE700FEBB5A /* Frameworks */ = {
			isa = PBXFrameworksBuildPhase;
			buildActionMask = 2147483647;
			files = (
			);
			runOnlyForDeploymentPostprocessing = 0;
		};
		EBC55AB71B471EE700FEBB5A /* Frameworks */ = {
			isa = PBXFrameworksBuildPhase;
			buildActionMask = 2147483647;
			files = (
			);
			runOnlyForDeploymentPostprocessing = 0;
		};
/* End PBXFrameworksBuildPhase section */

/* Begin PBXGroup section */
		EBC55A981B471EE700FEBB5A = {
			isa = PBXGroup;
			children = (
				EBC55AA31B471EE700FEBB5A /* Lufthansa */,
				EBC55ABD1B471EE700FEBB5A /* LufthansaTests */,
				EBC55AA21B471EE700FEBB5A /* Products */,
			);
			sourceTree = "<group>";
		};
		EBC55AA21B471EE700FEBB5A /* Products */ = {
			isa = PBXGroup;
			children = (
				EBC55AA11B471EE700FEBB5A /* Lufthansa.app */,
				EBC55ABA1B471EE700FEBB5A /* LufthansaTests.xctest */,
			);
			name = Products;
			sourceTree = "<group>";
		};
		EBC55AA31B471EE700FEBB5A /* Lufthansa */ = {
			isa = PBXGroup;
			children = (
				EBC55ACA1B471F7D00FEBB5A /* Images */,
				EBC55AA81B471EE700FEBB5A /* AppDelegate.h */,
				EBC55AA91B471EE700FEBB5A /* AppDelegate.m */,
				EBC55AAB1B471EE700FEBB5A /* ViewController.h */,
				EBC55AAC1B471EE700FEBB5A /* ViewController.m */,
				EBC55AD71B4731AD00FEBB5A /* DetailControllerViewController.h */,
				EBC55AD81B4731AD00FEBB5A /* DetailControllerViewController.m */,
				EBC55AAE1B471EE700FEBB5A /* Main.storyboard */,
				EBC55AB11B471EE700FEBB5A /* Images.xcassets */,
				EBC55AB31B471EE700FEBB5A /* LaunchScreen.xib */,
				EBC55AA41B471EE700FEBB5A /* Supporting Files */,
				EBC55ADA1B47346600FEBB5A /* ColorGenerator.h */,
				EBC55ADB1B47346600FEBB5A /* ColorGenerator.m */,
			);
			path = Lufthansa;
			sourceTree = "<group>";
		};
		EBC55AA41B471EE700FEBB5A /* Supporting Files */ = {
			isa = PBXGroup;
			children = (
				EBC55AA51B471EE700FEBB5A /* Info.plist */,
				EBC55AA61B471EE700FEBB5A /* main.m */,
			);
			name = "Supporting Files";
			sourceTree = "<group>";
		};
		EBC55ABD1B471EE700FEBB5A /* LufthansaTests */ = {
			isa = PBXGroup;
			children = (
				EBC55AC01B471EE700FEBB5A /* LufthansaTests.m */,
				EBC55ABE1B471EE700FEBB5A /* Supporting Files */,
			);
			path = LufthansaTests;
			sourceTree = "<group>";
		};
		EBC55ABE1B471EE700FEBB5A /* Supporting Files */ = {
			isa = PBXGroup;
			children = (
				EBC55ABF1B471EE700FEBB5A /* Info.plist */,
			);
			name = "Supporting Files";
			sourceTree = "<group>";
		};
		EBC55ACA1B471F7D00FEBB5A /* Images */ = {
			isa = PBXGroup;
			children = (
				EBC55ADE1B47C20B00FEBB5A /* Screen Booking */,
				EBC55ADD1B47C1F600FEBB5A /* Screen Root */,
			);
			name = Images;
			sourceTree = "<group>";
		};
		EBC55ADD1B47C1F600FEBB5A /* Screen Root */ = {
			isa = PBXGroup;
			children = (
				EBC55ACB1B471F9100FEBB5A /* bg@2x.png */,
				EBC55ACC1B471F9100FEBB5A /* Hamburger@2x.png */,
				EBC55ACD1B471F9100FEBB5A /* Logo@2x.png */,
				EBC55ACE1B471F9100FEBB5A /* New@2x.png */,
				EBC55ACF1B471F9100FEBB5A /* Selector@2x.png */,
			);
			name = "Screen Root";
			sourceTree = "<group>";
		};
		EBC55ADE1B47C20B00FEBB5A /* Screen Booking */ = {
			isa = PBXGroup;
			children = (
				EBC55ADF1B47C22000FEBB5A /* Info@2x.png */,
				EBC55AE01B47C22000FEBB5A /* Time@2x.png */,
				EBC55AE51B47C30100FEBB5A /* Arrow@2x.png */,
				EBC55AE11B47C22000FEBB5A /* TripType@2x.png */,
			);
			name = "Screen Booking";
			sourceTree = "<group>";
		};
/* End PBXGroup section */

/* Begin PBXNativeTarget section */
		EBC55AA01B471EE700FEBB5A /* Lufthansa */ = {
			isa = PBXNativeTarget;
			buildConfigurationList = EBC55AC41B471EE700FEBB5A /* Build configuration list for PBXNativeTarget "Lufthansa" */;
			buildPhases = (
				EBC55A9D1B471EE700FEBB5A /* Sources */,
				EBC55A9E1B471EE700FEBB5A /* Frameworks */,
				EBC55A9F1B471EE700FEBB5A /* Resources */,
			);
			buildRules = (
			);
			dependencies = (
			);
			name = Lufthansa;
			productName = Lufthansa;
			productReference = EBC55AA11B471EE700FEBB5A /* Lufthansa.app */;
			productType = "com.apple.product-type.application";
		};
		EBC55AB91B471EE700FEBB5A /* LufthansaTests */ = {
			isa = PBXNativeTarget;
			buildConfigurationList = EBC55AC71B471EE700FEBB5A /* Build configuration list for PBXNativeTarget "LufthansaTests" */;
			buildPhases = (
				EBC55AB61B471EE700FEBB5A /* Sources */,
				EBC55AB71B471EE700FEBB5A /* Frameworks */,
				EBC55AB81B471EE700FEBB5A /* Resources */,
			);
			buildRules = (
			);
			dependencies = (
				EBC55ABC1B471EE700FEBB5A /* PBXTargetDependency */,
			);
			name = LufthansaTests;
			productName = LufthansaTests;
			productReference = EBC55ABA1B471EE700FEBB5A /* LufthansaTests.xctest */;
			productType = "com.apple.product-type.bundle.unit-test";
		};
/* End PBXNativeTarget section */

/* Begin PBXProject section */
		EBC55A991B471EE700FEBB5A /* Project object */ = {
			isa = PBXProject;
			attributes = {
				LastUpgradeCheck = 0640;
				ORGANIZATIONNAME = "Door To Door";
				TargetAttributes = {
					EBC55AA01B471EE700FEBB5A = {
						CreatedOnToolsVersion = 6.4;
					};
					EBC55AB91B471EE700FEBB5A = {
						CreatedOnToolsVersion = 6.4;
						TestTargetID = EBC55AA01B471EE700FEBB5A;
					};
				};
			};
			buildConfigurationList = EBC55A9C1B471EE700FEBB5A /* Build configuration list for PBXProject "Lufthansa" */;
			compatibilityVersion = "Xcode 3.2";
			developmentRegion = English;
			hasScannedForEncodings = 0;
			knownRegions = (
				en,
				Base,
			);
			mainGroup = EBC55A981B471EE700FEBB5A;
			productRefGroup = EBC55AA21B471EE700FEBB5A /* Products */;
			projectDirPath = "";
			projectRoot = "";
			targets = (
				EBC55AA01B471EE700FEBB5A /* Lufthansa */,
				EBC55AB91B471EE700FEBB5A /* LufthansaTests */,
			);
		};
/* End PBXProject section */

/* Begin PBXResourcesBuildPhase section */
		EBC55A9F1B471EE700FEBB5A /* Resources */ = {
			isa = PBXResourcesBuildPhase;
			buildActionMask = 2147483647;
			files = (
				EBC55AB01B471EE700FEBB5A /* Main.storyboard in Resources */,
				EBC55AD21B471F9100FEBB5A /* Logo@2x.png in Resources */,
				EBC55AD11B471F9100FEBB5A /* Hamburger@2x.png in Resources */,
				EBC55AB51B471EE700FEBB5A /* LaunchScreen.xib in Resources */,
				EBC55AE61B47C30100FEBB5A /* Arrow@2x.png in Resources */,
				EBC55AB21B471EE700FEBB5A /* Images.xcassets in Resources */,
				EBC55AE41B47C22000FEBB5A /* TripType@2x.png in Resources */,
				EBC55AD41B471F9100FEBB5A /* Selector@2x.png in Resources */,
				EBC55AE21B47C22000FEBB5A /* Info@2x.png in Resources */,
				EBC55AD31B471F9100FEBB5A /* New@2x.png in Resources */,
				EBC55AD01B471F9100FEBB5A /* bg@2x.png in Resources */,
				EBC55AE31B47C22000FEBB5A /* Time@2x.png in Resources */,
			);
			runOnlyForDeploymentPostprocessing = 0;
		};
		EBC55AB81B471EE700FEBB5A /* Resources */ = {
			isa = PBXResourcesBuildPhase;
			buildActionMask = 2147483647;
			files = (
			);
			runOnlyForDeploymentPostprocessing = 0;
		};
/* End PBXResourcesBuildPhase section */

/* Begin PBXSourcesBuildPhase section */
		EBC55A9D1B471EE700FEBB5A /* Sources */ = {
			isa = PBXSourcesBuildPhase;
			buildActionMask = 2147483647;
			files = (
				EBC55AAD1B471EE700FEBB5A /* ViewController.m in Sources */,
				EBC55AAA1B471EE700FEBB5A /* AppDelegate.m in Sources */,
				EBC55AD91B4731AD00FEBB5A /* DetailControllerViewController.m in Sources */,
				EBC55ADC1B47346600FEBB5A /* ColorGenerator.m in Sources */,
				EBC55AA71B471EE700FEBB5A /* main.m in Sources */,
			);
			runOnlyForDeploymentPostprocessing = 0;
		};
		EBC55AB61B471EE700FEBB5A /* Sources */ = {
			isa = PBXSourcesBuildPhase;
			buildActionMask = 2147483647;
			files = (
				EBC55AC11B471EE700FEBB5A /* LufthansaTests.m in Sources */,
			);
			runOnlyForDeploymentPostprocessing = 0;
		};
/* End PBXSourcesBuildPhase section */

/* Begin PBXTargetDependency section */
		EBC55ABC1B471EE700FEBB5A /* PBXTargetDependency */ = {
			isa = PBXTargetDependency;
			target = EBC55AA01B471EE700FEBB5A /* Lufthansa */;
			targetProxy = EBC55ABB1B471EE700FEBB5A /* PBXContainerItemProxy */;
		};
/* End PBXTargetDependency section */

/* Begin PBXVariantGroup section */
		EBC55AAE1B471EE700FEBB5A /* Main.storyboard */ = {
			isa = PBXVariantGroup;
			children = (
				EBC55AAF1B471EE700FEBB5A /* Base */,
			);
			name = Main.storyboard;
			sourceTree = "<group>";
		};
		EBC55AB31B471EE700FEBB5A /* LaunchScreen.xib */ = {
			isa = PBXVariantGroup;
			children = (
				EBC55AB41B471EE700FEBB5A /* Base */,
			);
			name = LaunchScreen.xib;
			sourceTree = "<group>";
		};
/* End PBXVariantGroup section */

/* Begin XCBuildConfiguration section */
		EBC55AC21B471EE700FEBB5A /* Debug */ = {
			isa = XCBuildConfiguration;
			buildSettings = {
				ALWAYS_SEARCH_USER_PATHS = NO;
				CLANG_CXX_LANGUAGE_STANDARD = "gnu++0x";
				CLANG_CXX_LIBRARY = "libc++";
				CLANG_ENABLE_MODULES = YES;
				CLANG_ENABLE_OBJC_ARC = YES;
				CLANG_WARN_BOOL_CONVERSION = YES;
				CLANG_WARN_CONSTANT_CONVERSION = YES;
				CLANG_WARN_DIRECT_OBJC_ISA_USAGE = YES_ERROR;
				CLANG_WARN_EMPTY_BODY = YES;
				CLANG_WARN_ENUM_CONVERSION = YES;
				CLANG_WARN_INT_CONVERSION = YES;
				CLANG_WARN_OBJC_ROOT_CLASS = YES_ERROR;
				CLANG_WARN_UNREACHABLE_CODE = YES;
				CLANG_WARN__DUPLICATE_METHOD_MATCH = YES;
				"CODE_SIGN_IDENTITY[sdk=iphoneos*]" = "iPhone Developer";
				COPY_PHASE_STRIP = NO;
				DEBUG_INFORMATION_FORMAT = "dwarf-with-dsym";
				ENABLE_STRICT_OBJC_MSGSEND = YES;
				GCC_C_LANGUAGE_STANDARD = gnu99;
				GCC_DYNAMIC_NO_PIC = NO;
				GCC_NO_COMMON_BLOCKS = YES;
				GCC_OPTIMIZATION_LEVEL = 0;
				GCC_PREPROCESSOR_DEFINITIONS = (
					"DEBUG=1",
					"$(inherited)",
				);
				GCC_SYMBOLS_PRIVATE_EXTERN = NO;
				GCC_WARN_64_TO_32_BIT_CONVERSION = YES;
				GCC_WARN_ABOUT_RETURN_TYPE = YES_ERROR;
				GCC_WARN_UNDECLARED_SELECTOR = YES;
				GCC_WARN_UNINITIALIZED_AUTOS = YES_AGGRESSIVE;
				GCC_WARN_UNUSED_FUNCTION = YES;
				GCC_WARN_UNUSED_VARIABLE = YES;
				IPHONEOS_DEPLOYMENT_TARGET = 8.4;
				MTL_ENABLE_DEBUG_INFO = YES;
				ONLY_ACTIVE_ARCH = YES;
				SDKROOT = iphoneos;
			};
			name = Debug;
		};
		EBC55AC31B471EE700FEBB5A /* Release */ = {
			isa = XCBuildConfiguration;
			buildSettings = {
				ALWAYS_SEARCH_USER_PATHS = NO;
				CLANG_CXX_LANGUAGE_STANDARD = "gnu++0x";
				CLANG_CXX_LIBRARY = "libc++";
				CLANG_ENABLE_MODULES = YES;
				CLANG_ENABLE_OBJC_ARC = YES;
				CLANG_WARN_BOOL_CONVERSION = YES;
				CLANG_WARN_CONSTANT_CONVERSION = YES;
				CLANG_WARN_DIRECT_OBJC_ISA_USAGE = YES_ERROR;
				CLANG_WARN_EMPTY_BODY = YES;
				CLANG_WARN_ENUM_CONVERSION = YES;
				CLANG_WARN_INT_CONVERSION = YES;
				CLANG_WARN_OBJC_ROOT_CLASS = YES_ERROR;
				CLANG_WARN_UNREACHABLE_CODE = YES;
				CLANG_WARN__DUPLICATE_METHOD_MATCH = YES;
				"CODE_SIGN_IDENTITY[sdk=iphoneos*]" = "iPhone Developer";
				COPY_PHASE_STRIP = NO;
				DEBUG_INFORMATION_FORMAT = "dwarf-with-dsym";
				ENABLE_NS_ASSERTIONS = NO;
				ENABLE_STRICT_OBJC_MSGSEND = YES;
				GCC_C_LANGUAGE_STANDARD = gnu99;
				GCC_NO_COMMON_BLOCKS = YES;
				GCC_WARN_64_TO_32_BIT_CONVERSION = YES;
				GCC_WARN_ABOUT_RETURN_TYPE = YES_ERROR;
				GCC_WARN_UNDECLARED_SELECTOR = YES;
				GCC_WARN_UNINITIALIZED_AUTOS = YES_AGGRESSIVE;
				GCC_WARN_UNUSED_FUNCTION = YES;
				GCC_WARN_UNUSED_VARIABLE = YES;
				IPHONEOS_DEPLOYMENT_TARGET = 8.4;
				MTL_ENABLE_DEBUG_INFO = NO;
				SDKROOT = iphoneos;
				VALIDATE_PRODUCT = YES;
			};
			name = Release;
		};
		EBC55AC51B471EE700FEBB5A /* Debug */ = {
			isa = XCBuildConfiguration;
			buildSettings = {
				ASSETCATALOG_COMPILER_APPICON_NAME = AppIcon;
				INFOPLIST_FILE = Lufthansa/Info.plist;
				LD_RUNPATH_SEARCH_PATHS = "$(inherited) @executable_path/Frameworks";
				PRODUCT_NAME = "$(TARGET_NAME)";
				TARGETED_DEVICE_FAMILY = 1;
			};
			name = Debug;
		};
		EBC55AC61B471EE700FEBB5A /* Release */ = {
			isa = XCBuildConfiguration;
			buildSettings = {
				ASSETCATALOG_COMPILER_APPICON_NAME = AppIcon;
				INFOPLIST_FILE = Lufthansa/Info.plist;
				LD_RUNPATH_SEARCH_PATHS = "$(inherited) @executable_path/Frameworks";
				PRODUCT_NAME = "$(TARGET_NAME)";
				TARGETED_DEVICE_FAMILY = 1;
			};
			name = Release;
		};
		EBC55AC81B471EE700FEBB5A /* Debug */ = {
			isa = XCBuildConfiguration;
			buildSettings = {
				BUNDLE_LOADER = "$(TEST_HOST)";
				FRAMEWORK_SEARCH_PATHS = (
					"$(SDKROOT)/Developer/Library/Frameworks",
					"$(inherited)",
				);
				GCC_PREPROCESSOR_DEFINITIONS = (
					"DEBUG=1",
					"$(inherited)",
				);
				INFOPLIST_FILE = LufthansaTests/Info.plist;
				LD_RUNPATH_SEARCH_PATHS = "$(inherited) @executable_path/Frameworks @loader_path/Frameworks";
				PRODUCT_NAME = "$(TARGET_NAME)";
				TEST_HOST = "$(BUILT_PRODUCTS_DIR)/Lufthansa.app/Lufthansa";
			};
			name = Debug;
		};
		EBC55AC91B471EE700FEBB5A /* Release */ = {
			isa = XCBuildConfiguration;
			buildSettings = {
				BUNDLE_LOADER = "$(TEST_HOST)";
				FRAMEWORK_SEARCH_PATHS = (
					"$(SDKROOT)/Developer/Library/Frameworks",
					"$(inherited)",
				);
				INFOPLIST_FILE = LufthansaTests/Info.plist;
				LD_RUNPATH_SEARCH_PATHS = "$(inherited) @executable_path/Frameworks @loader_path/Frameworks";
				PRODUCT_NAME = "$(TARGET_NAME)";
				TEST_HOST = "$(BUILT_PRODUCTS_DIR)/Lufthansa.app/Lufthansa";
			};
			name = Release;
		};
/* End XCBuildConfiguration section */

/* Begin XCConfigurationList section */
		EBC55A9C1B471EE700FEBB5A /* Build configuration list for PBXProject "Lufthansa" */ = {
			isa = XCConfigurationList;
			buildConfigurations = (
				EBC55AC21B471EE700FEBB5A /* Debug */,
				EBC55AC31B471EE700FEBB5A /* Release */,
			);
			defaultConfigurationIsVisible = 0;
			defaultConfigurationName = Release;
		};
		EBC55AC41B471EE700FEBB5A /* Build configuration list for PBXNativeTarget "Lufthansa" */ = {
			isa = XCConfigurationList;
			buildConfigurations = (
				EBC55AC51B471EE700FEBB5A /* Debug */,
				EBC55AC61B471EE700FEBB5A /* Release */,
			);
			defaultConfigurationIsVisible = 0;
		};
		EBC55AC71B471EE700FEBB5A /* Build configuration list for PBXNativeTarget "LufthansaTests" */ = {
			isa = XCConfigurationList;
			buildConfigurations = (
				EBC55AC81B471EE700FEBB5A /* Debug */,
				EBC55AC91B471EE700FEBB5A /* Release */,
			);
			defaultConfigurationIsVisible = 0;
		};
/* End XCConfigurationList section */
	};
	rootObject = EBC55A991B471EE700FEBB5A /* Project object */;
}
